
Microsoft Visual Studio Solution File, Format Version 12.00
# Visual Studio 2013
VisualStudioVersion = 12.0.30110.0
MinimumVisualStudioVersion = 10.0.40219.1
Project("{FAE04EC0-301F-11D3-BF4B-00C04F79EFBC}") = "pserv4", "pserv4\pserv4.csproj", "{956DAFC8-7C82-4AC8-B5E1-15C35D31EF1A}"
EndProject
Project("{FAE04EC0-301F-11D3-BF4B-00C04F79EFBC}") = "GSharpTools", "GSharpTools\GSharpTools.csproj", "{20724C62-41C0-419D-832A-7F637AC41D4A}"
EndProject
Project("{FAE04EC0-301F-11D3-BF4B-00C04F79EFBC}") = "which", "which\which.csproj", "{1C37C172-9C8F-43E3-A6ED-F3F3B6A553C0}"
EndProject
Project("{FAE04EC0-301F-11D3-BF4B-00C04F79EFBC}") = "touch", "touch\touch.csproj", "{80312F37-3999-493C-87A7-66BA2BE49782}"
EndProject
Project("{FAE04EC0-301F-11D3-BF4B-00C04F79EFBC}") = "su", "su\su.csproj", "{E66A4D01-6033-4C5F-A543-FBB344B57C3E}"
EndProject
Project("{FAE04EC0-301F-11D3-BF4B-00C04F79EFBC}") = "pathed", "pathed\pathed.csproj", "{29D71424-E57A-4B31-ADD3-733D4C7A27F2}"
EndProject
Project("{FAE04EC0-301F-11D3-BF4B-00C04F79EFBC}") = "ddupe", "ddupe\ddupe.csproj", "{49518694-FA4A-4691-A954-E82A2FDE8CFB}"
EndProject
Project("{FAE04EC0-301F-11D3-BF4B-00C04F79EFBC}") = "md5sums", "md5sums\md5sums.csproj", "{0823848F-C0F6-4321-8BFD-CAD0C6B7892E}"
EndProject
Project("{FAE04EC0-301F-11D3-BF4B-00C04F79EFBC}") = "remove_admin_shares", "remove_admin_shares\remove_admin_shares.csproj", "{BED29196-D739-42B1-AC4B-E847237AA5EB}"
EndProject
Project("{8BC9CEB8-8B4A-11D0-8D11-00A0C91BC942}") = "gcalc_dll", "gcalc_dll\gcalc_dll.vcxproj", "{EEC09044-2D47-4F8D-AE0D-E75774FB6AAE}"
EndProject
Project("{FAE04EC0-301F-11D3-BF4B-00C04F79EFBC}") = "GKalk", "GKalk\GKalk.csproj", "{D5B19C92-E2ED-44F6-9E80-71B81E6959F2}"
	ProjectSection(ProjectDependencies) = postProject
		{EEC09044-2D47-4F8D-AE0D-E75774FB6AAE} = {EEC09044-2D47-4F8D-AE0D-E75774FB6AAE}
	EndProjectSection
EndProject
Global
	GlobalSection(SolutionConfigurationPlatforms) = preSolution
		Debug|Any CPU = Debug|Any CPU
		Debug|Mixed Platforms = Debug|Mixed Platforms
		Debug|Win32 = Debug|Win32
		Release|Any CPU = Release|Any CPU
		Release|Mixed Platforms = Release|Mixed Platforms
		Release|Win32 = Release|Win32
	EndGlobalSection
	GlobalSection(ProjectConfigurationPlatforms) = postSolution
		{956DAFC8-7C82-4AC8-B5E1-15C35D31EF1A}.Debug|Any CPU.ActiveCfg = Debug|Any CPU
		{956DAFC8-7C82-4AC8-B5E1-15C35D31EF1A}.Debug|Any CPU.Build.0 = Debug|Any CPU
		{956DAFC8-7C82-4AC8-B5E1-15C35D31EF1A}.Debug|Mixed Platforms.ActiveCfg = Debug|Any CPU
		{956DAFC8-7C82-4AC8-B5E1-15C35D31EF1A}.Debug|Mixed Platforms.Build.0 = Debug|Any CPU
		{956DAFC8-7C82-4AC8-B5E1-15C35D31EF1A}.Debug|Win32.ActiveCfg = Debug|Any CPU
		{956DAFC8-7C82-4AC8-B5E1-15C35D31EF1A}.Release|Any CPU.ActiveCfg = Release|Any CPU
		{956DAFC8-7C82-4AC8-B5E1-15C35D31EF1A}.Release|Any CPU.Build.0 = Release|Any CPU
		{956DAFC8-7C82-4AC8-B5E1-15C35D31EF1A}.Release|Mixed Platforms.ActiveCfg = Release|Any CPU
		{956DAFC8-7C82-4AC8-B5E1-15C35D31EF1A}.Release|Mixed Platforms.Build.0 = Release|Any CPU
		{956DAFC8-7C82-4AC8-B5E1-15C35D31EF1A}.Release|Win32.ActiveCfg = Release|Any CPU
		{20724C62-41C0-419D-832A-7F637AC41D4A}.Debug|Any CPU.ActiveCfg = Debug|Any CPU
		{20724C62-41C0-419D-832A-7F637AC41D4A}.Debug|Any CPU.Build.0 = Debug|Any CPU
		{20724C62-41C0-419D-832A-7F637AC41D4A}.Debug|Mixed Platforms.ActiveCfg = Debug|Any CPU
		{20724C62-41C0-419D-832A-7F637AC41D4A}.Debug|Mixed Platforms.Build.0 = Debug|Any CPU
		{20724C62-41C0-419D-832A-7F637AC41D4A}.Debug|Win32.ActiveCfg = Debug|Any CPU
		{20724C62-41C0-419D-832A-7F637AC41D4A}.Release|Any CPU.ActiveCfg = Release|Any CPU
		{20724C62-41C0-419D-832A-7F637AC41D4A}.Release|Any CPU.Build.0 = Release|Any CPU
		{20724C62-41C0-419D-832A-7F637AC41D4A}.Release|Mixed Platforms.ActiveCfg = Release|Any CPU
		{20724C62-41C0-419D-832A-7F637AC41D4A}.Release|Mixed Platforms.Build.0 = Release|Any CPU
		{20724C62-41C0-419D-832A-7F637AC41D4A}.Release|Win32.ActiveCfg = Release|Any CPU
		{1C37C172-9C8F-43E3-A6ED-F3F3B6A553C0}.Debug|Any CPU.ActiveCfg = Debug|Any CPU
		{1C37C172-9C8F-43E3-A6ED-F3F3B6A553C0}.Debug|Any CPU.Build.0 = Debug|Any CPU
		{1C37C172-9C8F-43E3-A6ED-F3F3B6A553C0}.Debug|Mixed Platforms.ActiveCfg = Debug|Any CPU
		{1C37C172-9C8F-43E3-A6ED-F3F3B6A553C0}.Debug|Mixed Platforms.Build.0 = Debug|Any CPU
		{1C37C172-9C8F-43E3-A6ED-F3F3B6A553C0}.Debug|Win32.ActiveCfg = Debug|Any CPU
		{1C37C172-9C8F-43E3-A6ED-F3F3B6A553C0}.Release|Any CPU.ActiveCfg = Release|Any CPU
		{1C37C172-9C8F-43E3-A6ED-F3F3B6A553C0}.Release|Any CPU.Build.0 = Release|Any CPU
		{1C37C172-9C8F-43E3-A6ED-F3F3B6A553C0}.Release|Mixed Platforms.ActiveCfg = Release|Any CPU
		{1C37C172-9C8F-43E3-A6ED-F3F3B6A553C0}.Release|Mixed Platforms.Build.0 = Release|Any CPU
		{1C37C172-9C8F-43E3-A6ED-F3F3B6A553C0}.Release|Win32.ActiveCfg = Release|Any CPU
		{80312F37-3999-493C-87A7-66BA2BE49782}.Debug|Any CPU.ActiveCfg = Debug|Any CPU
		{80312F37-3999-493C-87A7-66BA2BE49782}.Debug|Any CPU.Build.0 = Debug|Any CPU
		{80312F37-3999-493C-87A7-66BA2BE49782}.Debug|Mixed Platforms.ActiveCfg = Debug|Any CPU
		{80312F37-3999-493C-87A7-66BA2BE49782}.Debug|Mixed Platforms.Build.0 = Debug|Any CPU
		{80312F37-3999-493C-87A7-66BA2BE49782}.Debug|Win32.ActiveCfg = Debug|Any CPU
		{80312F37-3999-493C-87A7-66BA2BE49782}.Release|Any CPU.ActiveCfg = Release|Any CPU
		{80312F37-3999-493C-87A7-66BA2BE49782}.Release|Any CPU.Build.0 = Release|Any CPU
		{80312F37-3999-493C-87A7-66BA2BE49782}.Release|Mixed Platforms.ActiveCfg = Release|Any CPU
		{80312F37-3999-493C-87A7-66BA2BE49782}.Release|Mixed Platforms.Build.0 = Release|Any CPU
		{80312F37-3999-493C-87A7-66BA2BE49782}.Release|Win32.ActiveCfg = Release|Any CPU
		{E66A4D01-6033-4C5F-A543-FBB344B57C3E}.Debug|Any CPU.ActiveCfg = Debug|Any CPU
		{E66A4D01-6033-4C5F-A543-FBB344B57C3E}.Debug|Any CPU.Build.0 = Debug|Any CPU
		{E66A4D01-6033-4C5F-A543-FBB344B57C3E}.Debug|Mixed Platforms.ActiveCfg = Debug|Any CPU
		{E66A4D01-6033-4C5F-A543-FBB344B57C3E}.Debug|Mixed Platforms.Build.0 = Debug|Any CPU
		{E66A4D01-6033-4C5F-A543-FBB344B57C3E}.Debug|Win32.ActiveCfg = Debug|Any CPU
		{E66A4D01-6033-4C5F-A543-FBB344B57C3E}.Release|Any CPU.ActiveCfg = Release|Any CPU
		{E66A4D01-6033-4C5F-A543-FBB344B57C3E}.Release|Any CPU.Build.0 = Release|Any CPU
		{E66A4D01-6033-4C5F-A543-FBB344B57C3E}.Release|Mixed Platforms.ActiveCfg = Release|Any CPU
		{E66A4D01-6033-4C5F-A543-FBB344B57C3E}.Release|Mixed Platforms.Build.0 = Release|Any CPU
		{E66A4D01-6033-4C5F-A543-FBB344B57C3E}.Release|Win32.ActiveCfg = Release|Any CPU
		{29D71424-E57A-4B31-ADD3-733D4C7A27F2}.Debug|Any CPU.ActiveCfg = Debug|Any CPU
		{29D71424-E57A-4B31-ADD3-733D4C7A27F2}.Debug|Any CPU.Build.0 = Debug|Any CPU
		{29D71424-E57A-4B31-ADD3-733D4C7A27F2}.Debug|Mixed Platforms.ActiveCfg = Debug|Any CPU
		{29D71424-E57A-4B31-ADD3-733D4C7A27F2}.Debug|Mixed Platforms.Build.0 = Debug|Any CPU
		{29D71424-E57A-4B31-ADD3-733D4C7A27F2}.Debug|Win32.ActiveCfg = Debug|Any CPU
		{29D71424-E57A-4B31-ADD3-733D4C7A27F2}.Release|Any CPU.ActiveCfg = Release|Any CPU
		{29D71424-E57A-4B31-ADD3-733D4C7A27F2}.Release|Any CPU.Build.0 = Release|Any CPU
		{29D71424-E57A-4B31-ADD3-733D4C7A27F2}.Release|Mixed Platforms.ActiveCfg = Release|Any CPU
		{29D71424-E57A-4B31-ADD3-733D4C7A27F2}.Release|Mixed Platforms.Build.0 = Release|Any CPU
		{29D71424-E57A-4B31-ADD3-733D4C7A27F2}.Release|Win32.ActiveCfg = Release|Any CPU
		{49518694-FA4A-4691-A954-E82A2FDE8CFB}.Debug|Any CPU.ActiveCfg = Debug|Any CPU
		{49518694-FA4A-4691-A954-E82A2FDE8CFB}.Debug|Any CPU.Build.0 = Debug|Any CPU
		{49518694-FA4A-4691-A954-E82A2FDE8CFB}.Debug|Mixed Platforms.ActiveCfg = Debug|Any CPU
		{49518694-FA4A-4691-A954-E82A2FDE8CFB}.Debug|Mixed Platforms.Build.0 = Debug|Any CPU
		{49518694-FA4A-4691-A954-E82A2FDE8CFB}.Debug|Win32.ActiveCfg = Debug|Any CPU
		{49518694-FA4A-4691-A954-E82A2FDE8CFB}.Release|Any CPU.ActiveCfg = Release|Any CPU
		{49518694-FA4A-4691-A954-E82A2FDE8CFB}.Release|Any CPU.Build.0 = Release|Any CPU
		{49518694-FA4A-4691-A954-E82A2FDE8CFB}.Release|Mixed Platforms.ActiveCfg = Release|Any CPU
		{49518694-FA4A-4691-A954-E82A2FDE8CFB}.Release|Mixed Platforms.Build.0 = Release|Any CPU
		{49518694-FA4A-4691-A954-E82A2FDE8CFB}.Release|Win32.ActiveCfg = Release|Any CPU
		{0823848F-C0F6-4321-8BFD-CAD0C6B7892E}.Debug|Any CPU.ActiveCfg = Debug|Any CPU
		{0823848F-C0F6-4321-8BFD-CAD0C6B7892E}.Debug|Any CPU.Build.0 = Debug|Any CPU
		{0823848F-C0F6-4321-8BFD-CAD0C6B7892E}.Debug|Mixed Platforms.ActiveCfg = Debug|Any CPU
		{0823848F-C0F6-4321-8BFD-CAD0C6B7892E}.Debug|Mixed Platforms.Build.0 = Debug|Any CPU
		{0823848F-C0F6-4321-8BFD-CAD0C6B7892E}.Debug|Win32.ActiveCfg = Debug|Any CPU
		{0823848F-C0F6-4321-8BFD-CAD0C6B7892E}.Release|Any CPU.ActiveCfg = Release|Any CPU
		{0823848F-C0F6-4321-8BFD-CAD0C6B7892E}.Release|Any CPU.Build.0 = Release|Any CPU
		{0823848F-C0F6-4321-8BFD-CAD0C6B7892E}.Release|Mixed Platforms.ActiveCfg = Release|Any CPU
		{0823848F-C0F6-4321-8BFD-CAD0C6B7892E}.Release|Mixed Platforms.Build.0 = Release|Any CPU
		{0823848F-C0F6-4321-8BFD-CAD0C6B7892E}.Release|Win32.ActiveCfg = Release|Any CPU
		{BED29196-D739-42B1-AC4B-E847237AA5EB}.Debug|Any CPU.ActiveCfg = Debug|Any CPU
		{BED29196-D739-42B1-AC4B-E847237AA5EB}.Debug|Any CPU.Build.0 = Debug|Any CPU
		{BED29196-D739-42B1-AC4B-E847237AA5EB}.Debug|Mixed Platforms.ActiveCfg = Debug|Any CPU
		{BED29196-D739-42B1-AC4B-E847237AA5EB}.Debug|Mixed Platforms.Build.0 = Debug|Any CPU
		{BED29196-D739-42B1-AC4B-E847237AA5EB}.Debug|Win32.ActiveCfg = Debug|Any CPU
		{BED29196-D739-42B1-AC4B-E847237AA5EB}.Release|Any CPU.ActiveCfg = Release|Any CPU
		{BED29196-D739-42B1-AC4B-E847237AA5EB}.Release|Any CPU.Build.0 = Release|Any CPU
		{BED29196-D739-42B1-AC4B-E847237AA5EB}.Release|Mixed Platforms.ActiveCfg = Release|Any CPU
		{BED29196-D739-42B1-AC4B-E847237AA5EB}.Release|Mixed Platforms.Build.0 = Release|Any CPU
		{BED29196-D739-42B1-AC4B-E847237AA5EB}.Release|Win32.ActiveCfg = Release|Any CPU
		{EEC09044-2D47-4F8D-AE0D-E75774FB6AAE}.Debug|Any CPU.ActiveCfg = Debug|Win32
		{EEC09044-2D47-4F8D-AE0D-E75774FB6AAE}.Debug|Mixed Platforms.ActiveCfg = Debug|Win32
		{EEC09044-2D47-4F8D-AE0D-E75774FB6AAE}.Debug|Mixed Platforms.Build.0 = Debug|Win32
		{EEC09044-2D47-4F8D-AE0D-E75774FB6AAE}.Debug|Win32.ActiveCfg = Debug|Win32
		{EEC09044-2D47-4F8D-AE0D-E75774FB6AAE}.Debug|Win32.Build.0 = Debug|Win32
		{EEC09044-2D47-4F8D-AE0D-E75774FB6AAE}.Release|Any CPU.ActiveCfg = Release|Win32
		{EEC09044-2D47-4F8D-AE0D-E75774FB6AAE}.Release|Mixed Platforms.ActiveCfg = Release|Win32
		{EEC09044-2D47-4F8D-AE0D-E75774FB6AAE}.Release|Mixed Platforms.Build.0 = Release|Win32
		{EEC09044-2D47-4F8D-AE0D-E75774FB6AAE}.Release|Win32.ActiveCfg = Release|Win32
		{EEC09044-2D47-4F8D-AE0D-E75774FB6AAE}.Release|Win32.Build.0 = Release|Win32
		{D5B19C92-E2ED-44F6-9E80-71B81E6959F2}.Debug|Any CPU.ActiveCfg = Debug|Any CPU
		{D5B19C92-E2ED-44F6-9E80-71B81E6959F2}.Debug|Any CPU.Build.0 = Debug|Any CPU
		{D5B19C92-E2ED-44F6-9E80-71B81E6959F2}.Debug|Mixed Platforms.ActiveCfg = Debug|Any CPU
		{D5B19C92-E2ED-44F6-9E80-71B81E6959F2}.Debug|Mixed Platforms.Build.0 = Debug|Any CPU
		{D5B19C92-E2ED-44F6-9E80-71B81E6959F2}.Debug|Win32.ActiveCfg = Debug|Any CPU
		{D5B19C92-E2ED-44F6-9E80-71B81E6959F2}.Release|Any CPU.ActiveCfg = Release|Any CPU
		{D5B19C92-E2ED-44F6-9E80-71B81E6959F2}.Release|Any CPU.Build.0 = Release|Any CPU
		{D5B19C92-E2ED-44F6-9E80-71B81E6959F2}.Release|Mixed Platforms.ActiveCfg = Release|Any CPU
		{D5B19C92-E2ED-44F6-9E80-71B81E6959F2}.Release|Mixed Platforms.Build.0 = Release|Any CPU
		{D5B19C92-E2ED-44F6-9E80-71B81E6959F2}.Release|Win32.ActiveCfg = Release|Any CPU
	EndGlobalSection
	GlobalSection(SolutionProperties) = preSolution
		HideSolutionNode = FALSE
	EndGlobalSection
EndGlobal
